
Microsoft Visual Studio Solution File, Format Version 12.00
# Visual Studio Version 16
VisualStudioVersion = 16.0.28803.352
MinimumVisualStudioVersion = 15.0.26124.0
Project("{2150E333-8FDC-42A3-9474-1A3956D46DE8}") = "src", "src", "{B4583E9D-364A-4528-9958-73F453EBAC69}"
EndProject
Project("{9A19103F-16F7-4668-BE54-9A1E7A4F7556}") = "ASPNET.Fundamentals.StartupClass", "src\StartupClass\ASPNET.Fundamentals.StartupClass.csproj", "{1939799B-016E-48FF-9A95-83DD9308DD4D}"
EndProject
Project("{2150E333-8FDC-42A3-9474-1A3956D46DE8}") = "Solution Items", "Solution Items", "{6F6AFD5C-6822-4AD8-8FFD-18FE194E7A31}"
	ProjectSection(SolutionItems) = preProject
		.editorconfig = .editorconfig
	EndProjectSection
EndProject
Project("{2150E333-8FDC-42A3-9474-1A3956D46DE8}") = "middleware", "middleware", "{292811FE-11E2-4EEC-8AEF-776E7E48D83A}"
EndProject
Project("{9A19103F-16F7-4668-BE54-9A1E7A4F7556}") = "ASPNET.Fundamentals.Middleware.Terminal", "src\middleware\Terminal\ASPNET.Fundamentals.Middleware.Terminal.csproj", "{04C8C504-D2A6-4AC1-849A-AAABAFCCB68F}"
EndProject
Project("{9A19103F-16F7-4668-BE54-9A1E7A4F7556}") = "ASPNET.Fundamentals.Middleware.Map", "src\middleware\Map\ASPNET.Fundamentals.Middleware.Map.csproj", "{7034DB8B-8E41-4DEF-B21B-EE9886700DF9}"
EndProject
Project("{2150E333-8FDC-42A3-9474-1A3956D46DE8}") = "dependency-injection", "dependency-injection", "{B493ED2E-0C14-4CC1-91EC-F88BA386FDFB}"
EndProject
Project("{9A19103F-16F7-4668-BE54-9A1E7A4F7556}") = "ASPNET.Fundamentals.DI.ServiceLifetimes", "src\dependency-injection\ServiceLifetimes\ASPNET.Fundamentals.DI.ServiceLifetimes.csproj", "{6BC87DDD-E86B-4BF0-9D65-EE1A2E4266C7}"
EndProject
Project("{9A19103F-16F7-4668-BE54-9A1E7A4F7556}") = "ASPNET.Fundamentals.DI.Autofac", "src\dependency-injection\Autofac\ASPNET.Fundamentals.DI.Autofac.csproj", "{0C26AD61-87BC-434A-A8F0-FCE7D4E2DF10}"
EndProject
Project("{9A19103F-16F7-4668-BE54-9A1E7A4F7556}") = "ASPNET.Fundamentals.Middleware.Custom", "src\middleware\Custom\ASPNET.Fundamentals.Middleware.Custom.csproj", "{56C145C4-DF4A-44A8-9AAC-629957CF856A}"
EndProject
Project("{FAE04EC0-301F-11D3-BF4B-00C04F79EFBC}") = "ASPNET.Fundamentals.Host", "src\Host\ASPNET.Fundamentals.Host.csproj", "{6FB4B509-9DF4-4317-B9E2-8D96DAE19E9D}"
EndProject
Global
	GlobalSection(SolutionConfigurationPlatforms) = preSolution
		Debug|Any CPU = Debug|Any CPU
		Debug|x64 = Debug|x64
		Debug|x86 = Debug|x86
		Release|Any CPU = Release|Any CPU
		Release|x64 = Release|x64
		Release|x86 = Release|x86
	EndGlobalSection
	GlobalSection(ProjectConfigurationPlatforms) = postSolution
		{1939799B-016E-48FF-9A95-83DD9308DD4D}.Debug|Any CPU.ActiveCfg = Debug|Any CPU
		{1939799B-016E-48FF-9A95-83DD9308DD4D}.Debug|Any CPU.Build.0 = Debug|Any CPU
		{1939799B-016E-48FF-9A95-83DD9308DD4D}.Debug|x64.ActiveCfg = Debug|Any CPU
		{1939799B-016E-48FF-9A95-83DD9308DD4D}.Debug|x64.Build.0 = Debug|Any CPU
		{1939799B-016E-48FF-9A95-83DD9308DD4D}.Debug|x86.ActiveCfg = Debug|Any CPU
		{1939799B-016E-48FF-9A95-83DD9308DD4D}.Debug|x86.Build.0 = Debug|Any CPU
		{1939799B-016E-48FF-9A95-83DD9308DD4D}.Release|Any CPU.ActiveCfg = Release|Any CPU
		{1939799B-016E-48FF-9A95-83DD9308DD4D}.Release|Any CPU.Build.0 = Release|Any CPU
		{1939799B-016E-48FF-9A95-83DD9308DD4D}.Release|x64.ActiveCfg = Release|Any CPU
		{1939799B-016E-48FF-9A95-83DD9308DD4D}.Release|x64.Build.0 = Release|Any CPU
		{1939799B-016E-48FF-9A95-83DD9308DD4D}.Release|x86.ActiveCfg = Release|Any CPU
		{1939799B-016E-48FF-9A95-83DD9308DD4D}.Release|x86.Build.0 = Release|Any CPU
		{04C8C504-D2A6-4AC1-849A-AAABAFCCB68F}.Debug|Any CPU.ActiveCfg = Debug|Any CPU
		{04C8C504-D2A6-4AC1-849A-AAABAFCCB68F}.Debug|Any CPU.Build.0 = Debug|Any CPU
		{04C8C504-D2A6-4AC1-849A-AAABAFCCB68F}.Debug|x64.ActiveCfg = Debug|Any CPU
		{04C8C504-D2A6-4AC1-849A-AAABAFCCB68F}.Debug|x64.Build.0 = Debug|Any CPU
		{04C8C504-D2A6-4AC1-849A-AAABAFCCB68F}.Debug|x86.ActiveCfg = Debug|Any CPU
		{04C8C504-D2A6-4AC1-849A-AAABAFCCB68F}.Debug|x86.Build.0 = Debug|Any CPU
		{04C8C504-D2A6-4AC1-849A-AAABAFCCB68F}.Release|Any CPU.ActiveCfg = Release|Any CPU
		{04C8C504-D2A6-4AC1-849A-AAABAFCCB68F}.Release|Any CPU.Build.0 = Release|Any CPU
		{04C8C504-D2A6-4AC1-849A-AAABAFCCB68F}.Release|x64.ActiveCfg = Release|Any CPU
		{04C8C504-D2A6-4AC1-849A-AAABAFCCB68F}.Release|x64.Build.0 = Release|Any CPU
		{04C8C504-D2A6-4AC1-849A-AAABAFCCB68F}.Release|x86.ActiveCfg = Release|Any CPU
		{04C8C504-D2A6-4AC1-849A-AAABAFCCB68F}.Release|x86.Build.0 = Release|Any CPU
		{7034DB8B-8E41-4DEF-B21B-EE9886700DF9}.Debug|Any CPU.ActiveCfg = Debug|Any CPU
		{7034DB8B-8E41-4DEF-B21B-EE9886700DF9}.Debug|Any CPU.Build.0 = Debug|Any CPU
		{7034DB8B-8E41-4DEF-B21B-EE9886700DF9}.Debug|x64.ActiveCfg = Debug|Any CPU
		{7034DB8B-8E41-4DEF-B21B-EE9886700DF9}.Debug|x64.Build.0 = Debug|Any CPU
		{7034DB8B-8E41-4DEF-B21B-EE9886700DF9}.Debug|x86.ActiveCfg = Debug|Any CPU
		{7034DB8B-8E41-4DEF-B21B-EE9886700DF9}.Debug|x86.Build.0 = Debug|Any CPU
		{7034DB8B-8E41-4DEF-B21B-EE9886700DF9}.Release|Any CPU.ActiveCfg = Release|Any CPU
		{7034DB8B-8E41-4DEF-B21B-EE9886700DF9}.Release|Any CPU.Build.0 = Release|Any CPU
		{7034DB8B-8E41-4DEF-B21B-EE9886700DF9}.Release|x64.ActiveCfg = Release|Any CPU
		{7034DB8B-8E41-4DEF-B21B-EE9886700DF9}.Release|x64.Build.0 = Release|Any CPU
		{7034DB8B-8E41-4DEF-B21B-EE9886700DF9}.Release|x86.ActiveCfg = Release|Any CPU
		{7034DB8B-8E41-4DEF-B21B-EE9886700DF9}.Release|x86.Build.0 = Release|Any CPU
		{6BC87DDD-E86B-4BF0-9D65-EE1A2E4266C7}.Debug|Any CPU.ActiveCfg = Debug|Any CPU
		{6BC87DDD-E86B-4BF0-9D65-EE1A2E4266C7}.Debug|Any CPU.Build.0 = Debug|Any CPU
		{6BC87DDD-E86B-4BF0-9D65-EE1A2E4266C7}.Debug|x64.ActiveCfg = Debug|Any CPU
		{6BC87DDD-E86B-4BF0-9D65-EE1A2E4266C7}.Debug|x64.Build.0 = Debug|Any CPU
		{6BC87DDD-E86B-4BF0-9D65-EE1A2E4266C7}.Debug|x86.ActiveCfg = Debug|Any CPU
		{6BC87DDD-E86B-4BF0-9D65-EE1A2E4266C7}.Debug|x86.Build.0 = Debug|Any CPU
		{6BC87DDD-E86B-4BF0-9D65-EE1A2E4266C7}.Release|Any CPU.ActiveCfg = Release|Any CPU
		{6BC87DDD-E86B-4BF0-9D65-EE1A2E4266C7}.Release|Any CPU.Build.0 = Release|Any CPU
		{6BC87DDD-E86B-4BF0-9D65-EE1A2E4266C7}.Release|x64.ActiveCfg = Release|Any CPU
		{6BC87DDD-E86B-4BF0-9D65-EE1A2E4266C7}.Release|x64.Build.0 = Release|Any CPU
		{6BC87DDD-E86B-4BF0-9D65-EE1A2E4266C7}.Release|x86.ActiveCfg = Release|Any CPU
		{6BC87DDD-E86B-4BF0-9D65-EE1A2E4266C7}.Release|x86.Build.0 = Release|Any CPU
		{0C26AD61-87BC-434A-A8F0-FCE7D4E2DF10}.Debug|Any CPU.ActiveCfg = Debug|Any CPU
		{0C26AD61-87BC-434A-A8F0-FCE7D4E2DF10}.Debug|Any CPU.Build.0 = Debug|Any CPU
		{0C26AD61-87BC-434A-A8F0-FCE7D4E2DF10}.Debug|x64.ActiveCfg = Debug|Any CPU
		{0C26AD61-87BC-434A-A8F0-FCE7D4E2DF10}.Debug|x64.Build.0 = Debug|Any CPU
		{0C26AD61-87BC-434A-A8F0-FCE7D4E2DF10}.Debug|x86.ActiveCfg = Debug|Any CPU
		{0C26AD61-87BC-434A-A8F0-FCE7D4E2DF10}.Debug|x86.Build.0 = Debug|Any CPU
		{0C26AD61-87BC-434A-A8F0-FCE7D4E2DF10}.Release|Any CPU.ActiveCfg = Release|Any CPU
		{0C26AD61-87BC-434A-A8F0-FCE7D4E2DF10}.Release|Any CPU.Build.0 = Release|Any CPU
		{0C26AD61-87BC-434A-A8F0-FCE7D4E2DF10}.Release|x64.ActiveCfg = Release|Any CPU
		{0C26AD61-87BC-434A-A8F0-FCE7D4E2DF10}.Release|x64.Build.0 = Release|Any CPU
		{0C26AD61-87BC-434A-A8F0-FCE7D4E2DF10}.Release|x86.ActiveCfg = Release|Any CPU
		{0C26AD61-87BC-434A-A8F0-FCE7D4E2DF10}.Release|x86.Build.0 = Release|Any CPU
		{56C145C4-DF4A-44A8-9AAC-629957CF856A}.Debug|Any CPU.ActiveCfg = Debug|Any CPU
		{56C145C4-DF4A-44A8-9AAC-629957CF856A}.Debug|Any CPU.Build.0 = Debug|Any CPU
		{56C145C4-DF4A-44A8-9AAC-629957CF856A}.Debug|x64.ActiveCfg = Debug|Any CPU
		{56C145C4-DF4A-44A8-9AAC-629957CF856A}.Debug|x64.Build.0 = Debug|Any CPU
		{56C145C4-DF4A-44A8-9AAC-629957CF856A}.Debug|x86.ActiveCfg = Debug|Any CPU
		{56C145C4-DF4A-44A8-9AAC-629957CF856A}.Debug|x86.Build.0 = Debug|Any CPU
		{56C145C4-DF4A-44A8-9AAC-629957CF856A}.Release|Any CPU.ActiveCfg = Release|Any CPU
		{56C145C4-DF4A-44A8-9AAC-629957CF856A}.Release|Any CPU.Build.0 = Release|Any CPU
		{56C145C4-DF4A-44A8-9AAC-629957CF856A}.Release|x64.ActiveCfg = Release|Any CPU
		{56C145C4-DF4A-44A8-9AAC-629957CF856A}.Release|x64.Build.0 = Release|Any CPU
		{56C145C4-DF4A-44A8-9AAC-629957CF856A}.Release|x86.ActiveCfg = Release|Any CPU
		{56C145C4-DF4A-44A8-9AAC-629957CF856A}.Release|x86.Build.0 = Release|Any CPU
		{6FB4B509-9DF4-4317-B9E2-8D96DAE19E9D}.Debug|Any CPU.ActiveCfg = Debug|Any CPU
		{6FB4B509-9DF4-4317-B9E2-8D96DAE19E9D}.Debug|Any CPU.Build.0 = Debug|Any CPU
		{6FB4B509-9DF4-4317-B9E2-8D96DAE19E9D}.Debug|x64.ActiveCfg = Debug|Any CPU
		{6FB4B509-9DF4-4317-B9E2-8D96DAE19E9D}.Debug|x64.Build.0 = Debug|Any CPU
		{6FB4B509-9DF4-4317-B9E2-8D96DAE19E9D}.Debug|x86.ActiveCfg = Debug|Any CPU
		{6FB4B509-9DF4-4317-B9E2-8D96DAE19E9D}.Debug|x86.Build.0 = Debug|Any CPU
		{6FB4B509-9DF4-4317-B9E2-8D96DAE19E9D}.Release|Any CPU.ActiveCfg = Release|Any CPU
		{6FB4B509-9DF4-4317-B9E2-8D96DAE19E9D}.Release|Any CPU.Build.0 = Release|Any CPU
		{6FB4B509-9DF4-4317-B9E2-8D96DAE19E9D}.Release|x64.ActiveCfg = Release|Any CPU
		{6FB4B509-9DF4-4317-B9E2-8D96DAE19E9D}.Release|x64.Build.0 = Release|Any CPU
		{6FB4B509-9DF4-4317-B9E2-8D96DAE19E9D}.Release|x86.ActiveCfg = Release|Any CPU
		{6FB4B509-9DF4-4317-B9E2-8D96DAE19E9D}.Release|x86.Build.0 = Release|Any CPU
	EndGlobalSection
	GlobalSection(SolutionProperties) = preSolution
		HideSolutionNode = FALSE
	EndGlobalSection
	GlobalSection(NestedProjects) = preSolution
		{1939799B-016E-48FF-9A95-83DD9308DD4D} = {B4583E9D-364A-4528-9958-73F453EBAC69}
		{292811FE-11E2-4EEC-8AEF-776E7E48D83A} = {B4583E9D-364A-4528-9958-73F453EBAC69}
		{04C8C504-D2A6-4AC1-849A-AAABAFCCB68F} = {292811FE-11E2-4EEC-8AEF-776E7E48D83A}
		{7034DB8B-8E41-4DEF-B21B-EE9886700DF9} = {292811FE-11E2-4EEC-8AEF-776E7E48D83A}
		{B493ED2E-0C14-4CC1-91EC-F88BA386FDFB} = {B4583E9D-364A-4528-9958-73F453EBAC69}
		{6BC87DDD-E86B-4BF0-9D65-EE1A2E4266C7} = {B493ED2E-0C14-4CC1-91EC-F88BA386FDFB}
		{0C26AD61-87BC-434A-A8F0-FCE7D4E2DF10} = {B493ED2E-0C14-4CC1-91EC-F88BA386FDFB}
		{56C145C4-DF4A-44A8-9AAC-629957CF856A} = {292811FE-11E2-4EEC-8AEF-776E7E48D83A}
		{6FB4B509-9DF4-4317-B9E2-8D96DAE19E9D} = {B4583E9D-364A-4528-9958-73F453EBAC69}
	EndGlobalSection
	GlobalSection(ExtensibilityGlobals) = postSolution
		SolutionGuid = {C6EE9CB7-6DC9-4BD5-9817-0202DE8C35C5}
	EndGlobalSection
EndGlobal
